
Microsoft Visual Studio Solution File, Format Version 12.00
# Visual Studio Version 17
VisualStudioVersion = 17.0.31903.59
MinimumVisualStudioVersion = 10.0.40219.1

Project("{FAE04EC0-301F-11D3-BF4B-00C04F79EFBC}") = "WordDocumentParser", "WordDocumentParser\WordDocumentParser.csproj", "{628FEE01-845A-4C8D-A907-56C6EF48788C}"
EndProject

Project("{FAE04EC0-301F-11D3-BF4B-00C04F79EFBC}") = "WordDocumentParser.Demo", "WordDocumentParser.Demo\WordDocumentParser.Demo.csproj", "{A1B2C3D4-E5F6-7890-ABCD-EF1234567890}"
EndProject

Project("{FAE04EC0-301F-11D3-BF4B-00C04F79EFBC}") = "WordDocumentParser.Tests", "WordDocumentParser.Tests\WordDocumentParser.Tests.csproj", "{B7C8D9E0-1A2B-3C4D-5E6F-708192A3B4C5}"
EndProject

Global
	GlobalSection(SolutionConfigurationPlatforms) = preSolution
		Debug|Any CPU = Debug|Any CPU
		Release|Any CPU = Release|Any CPU
	EndGlobalSection
	GlobalSection(ProjectConfigurationPlatforms) = postSolution
		{628FEE01-845A-4C8D-A907-56C6EF48788C}.Debug|Any CPU.ActiveCfg = Debug|Any CPU
		{628FEE01-845A-4C8D-A907-56C6EF48788C}.Debug|Any CPU.Build.0 = Debug|Any CPU
		{628FEE01-845A-4C8D-A907-56C6EF48788C}.Release|Any CPU.ActiveCfg = Release|Any CPU
		{628FEE01-845A-4C8D-A907-56C6EF48788C}.Release|Any CPU.Build.0 = Release|Any CPU
		{A1B2C3D4-E5F6-7890-ABCD-EF1234567890}.Debug|Any CPU.ActiveCfg = Debug|Any CPU
		{A1B2C3D4-E5F6-7890-ABCD-EF1234567890}.Debug|Any CPU.Build.0 = Debug|Any CPU
		{A1B2C3D4-E5F6-7890-ABCD-EF1234567890}.Release|Any CPU.ActiveCfg = Release|Any CPU
		{A1B2C3D4-E5F6-7890-ABCD-EF1234567890}.Release|Any CPU.Build.0 = Release|Any CPU
		{B7C8D9E0-1A2B-3C4D-5E6F-708192A3B4C5}.Debug|Any CPU.ActiveCfg = Debug|Any CPU
		{B7C8D9E0-1A2B-3C4D-5E6F-708192A3B4C5}.Debug|Any CPU.Build.0 = Debug|Any CPU
		{B7C8D9E0-1A2B-3C4D-5E6F-708192A3B4C5}.Release|Any CPU.ActiveCfg = Release|Any CPU
		{B7C8D9E0-1A2B-3C4D-5E6F-708192A3B4C5}.Release|Any CPU.Build.0 = Release|Any CPU
	EndGlobalSection
EndGlobal
